lockVersion: 2.0.0
id: 7f47b505-484c-4b8b-b5dc-a1438904fbbe
management:
  docChecksum: 91d0aeea02ab32b58fdf8e9ef49d1b48
  docVersion: 0.4.0
  speakeasyVersion: 1.502.0
  generationVersion: 2.524.1
  releaseVersion: 1.1.0
  configChecksum: ef88cbdb4ced1f1b8ab5f9f9b250e02d
  repoURL: https://github.com/mfbx9da4/speakeasy-test-3.git
  installationURL: https://github.com/mfbx9da4/speakeasy-test-3
  published: true
features:
  typescript:
    additionalDependencies: 0.1.0
    constsAndDefaults: 0.1.11
    core: 3.21.1
    deepObjectParams: 0.1.0
    defaultEnabledRetries: 0.1.0
    deprecations: 2.81.1
    downloadStreams: 0.1.1
    enumUnions: 0.1.0
    envVarSecurityUsage: 0.1.2
    flattening: 2.82.1
    globalSecurity: 2.82.13
    globalSecurityCallbacks: 0.1.0
    globalServerURLs: 2.82.4
    globals: 2.82.2
    nameOverrides: 2.81.2
    nullables: 0.1.1
    openEnums: 0.1.1
    responseFormat: 0.2.3
    retries: 2.83.0
    sdkHooks: 0.2.0
    serverIDs: 2.81.2
    uploadStreams: 0.1.0
generatedFiles:
  - .gitattributes
  - .npmignore
  - FUNCTIONS.md
  - RUNTIMES.md
  - USAGE.md
  - docs/lib/utils/retryconfig.md
  - docs/models/components/accessdetails.md
  - docs/models/components/accesstoken.md
  - docs/models/components/accesstokenuser.md
  - docs/models/components/accounttype.md
  - docs/models/components/actions.md
  - docs/models/components/addtags.md
  - docs/models/components/annotations.md
  - docs/models/components/apikeydetails.md
  - docs/models/components/auth.md
  - docs/models/components/claims.md
  - docs/models/components/clievent.md
  - docs/models/components/codesampleschemainput.md
  - docs/models/components/codesamplesjobstatus.md
  - docs/models/components/compositespecmetadata.md
  - docs/models/components/diagnostic.md
  - docs/models/components/featureflag.md
  - docs/models/components/generatebumptype.md
  - docs/models/components/getnamespacesresponse.md
  - docs/models/components/getrevisionsresponse.md
  - docs/models/components/gettagsresponse.md
  - docs/models/components/githubconfigurecodesamplesrequest.md
  - docs/models/components/githubconfigurecodesamplesresponse.md
  - docs/models/components/githubconfiguremintlifyreporequest.md
  - docs/models/components/githubconfiguretargetrequest.md
  - docs/models/components/githubgetactionresponse.md
  - docs/models/components/githubmissingpublishingsecretsresponse.md
  - docs/models/components/githubpublishingprresponse.md
  - docs/models/components/githubsetupstateresponse.md
  - docs/models/components/githubstorepublishingsecretsrequest.md
  - docs/models/components/githubtriggeractionrequest.md
  - docs/models/components/httpmetadata.md
  - docs/models/components/httpmethod.md
  - docs/models/components/interactiontype.md
  - docs/models/components/level.md
  - docs/models/components/license.md
  - docs/models/components/manifest.md
  - docs/models/components/namespace.md
  - docs/models/components/oasinfo.md
  - docs/models/components/oasoperation.md
  - docs/models/components/oassummary.md
  - docs/models/components/openapidiffbumptype.md
  - docs/models/components/organization.md
  - docs/models/components/organizationusage.md
  - docs/models/components/organizationusageresponse.md
  - docs/models/components/preflightrequest.md
  - docs/models/components/preflighttoken.md
  - docs/models/components/pullrequestmetadata.md
  - docs/models/components/relationship.md
  - docs/models/components/remotedocument.md
  - docs/models/components/remotesource.md
  - docs/models/components/remotesourcesubscriptionsettings.md
  - docs/models/components/report.md
  - docs/models/components/revision.md
  - docs/models/components/revisioncontentsmetadata.md
  - docs/models/components/revisioncontentsmetadatatype.md
  - docs/models/components/schemafile.md
  - docs/models/components/secrets.md
  - docs/models/components/security.md
  - docs/models/components/shorturl.md
  - docs/models/components/ssometadata.md
  - docs/models/components/suggestiontype.md
  - docs/models/components/suggestitemsrequestbody.md
  - docs/models/components/suggestoptsold.md
  - docs/models/components/suggestrequestbody.md
  - docs/models/components/suggestrequestbodysuggestiontype.md
  - docs/models/components/tag.md
  - docs/models/components/targetsdk.md
  - docs/models/components/type.md
  - docs/models/components/usagesnippet.md
  - docs/models/components/usagesnippets.md
  - docs/models/components/user.md
  - docs/models/components/v2descriptor.md
  - docs/models/components/workflowdocument.md
  - docs/models/components/workspace.md
  - docs/models/components/workspaceandorganization.md
  - docs/models/components/workspacefeatureflag.md
  - docs/models/components/workspacefeatureflagrequest.md
  - docs/models/components/workspacefeatureflagresponse.md
  - docs/models/components/workspaceinviteresponse.md
  - docs/models/components/workspaces.md
  - docs/models/components/workspacesettings.md
  - docs/models/components/workspaceteamresponse.md
  - docs/models/components/workspacetoken.md
  - docs/models/errors/errort.md
  - docs/models/operations/activatesubscriptionnamespacerequest.md
  - docs/models/operations/activatesubscriptionnamespaceresponse.md
  - docs/models/operations/archivenamespacerequest.md
  - docs/models/operations/archivenamespacerequestbody.md
  - docs/models/operations/archivenamespaceresponse.md
  - docs/models/operations/checkgithubaccessrequest.md
  - docs/models/operations/checkgithubaccessresponse.md
  - docs/models/operations/createfreetrialresponse.md
  - docs/models/operations/createorganizationresponse.md
  - docs/models/operations/createremotesourceresponse.md
  - docs/models/operations/createrequestbody.md
  - docs/models/operations/createresponse.md
  - docs/models/operations/createworkspaceresponse.md
  - docs/models/operations/createworkspacetokenglobals.md
  - docs/models/operations/createworkspacetokenrequest.md
  - docs/models/operations/createworkspacetokenresponse.md
  - docs/models/operations/deleteworkspacetokenglobals.md
  - docs/models/operations/deleteworkspacetokenrequest.md
  - docs/models/operations/deleteworkspacetokenresponse.md
  - docs/models/operations/filet.md
  - docs/models/operations/generatecodesamplepreviewasyncresponse.md
  - docs/models/operations/generatecodesamplepreviewasyncresponsebody.md
  - docs/models/operations/generatecodesamplepreviewresponse.md
  - docs/models/operations/getaccesstokenrequest.md
  - docs/models/operations/getaccesstokenresponse.md
  - docs/models/operations/getblobrequest.md
  - docs/models/operations/getblobresponse.md
  - docs/models/operations/getchangesreportsignedurlrequest.md
  - docs/models/operations/getchangesreportsignedurlresponse.md
  - docs/models/operations/getchangesreportsignedurlsignedaccess.md
  - docs/models/operations/getcodesamplepreviewasyncrequest.md
  - docs/models/operations/getcodesamplepreviewasyncresponse.md
  - docs/models/operations/getcodesamplepreviewasyncresponsebody.md
  - docs/models/operations/getcodesamplesrequest.md
  - docs/models/operations/getcodesamplesresponse.md
  - docs/models/operations/getgithubactionrequest.md
  - docs/models/operations/getgithubactionresponse.md
  - docs/models/operations/getgithubsetupstaterequest.md
  - docs/models/operations/getgithubsetupstateresponse.md
  - docs/models/operations/getlintingreportsignedurlrequest.md
  - docs/models/operations/getlintingreportsignedurlresponse.md
  - docs/models/operations/getlintingreportsignedurlsignedaccess.md
  - docs/models/operations/getmanifestrequest.md
  - docs/models/operations/getmanifestresponse.md
  - docs/models/operations/getnamespacesresponse.md
  - docs/models/operations/getorganizationrequest.md
  - docs/models/operations/getorganizationresponse.md
  - docs/models/operations/getorganizationsresponse.md
  - docs/models/operations/getorganizationusageresponse.md
  - docs/models/operations/getrevisionsrequest.md
  - docs/models/operations/getrevisionsresponse.md
  - docs/models/operations/gettagsrequest.md
  - docs/models/operations/gettagsresponse.md
  - docs/models/operations/getuserresponse.md
  - docs/models/operations/getworkspaceaccessrequest.md
  - docs/models/operations/getworkspaceaccessresponse.md
  - docs/models/operations/getworkspacebycontextresponse.md
  - docs/models/operations/getworkspaceeventsbytargetglobals.md
  - docs/models/operations/getworkspaceeventsbytargetrequest.md
  - docs/models/operations/getworkspaceeventsbytargetresponse.md
  - docs/models/operations/getworkspacefeatureflagsglobals.md
  - docs/models/operations/getworkspacefeatureflagsrequest.md
  - docs/models/operations/getworkspacefeatureflagsresponse.md
  - docs/models/operations/getworkspaceglobals.md
  - docs/models/operations/getworkspacerequest.md
  - docs/models/operations/getworkspaceresponse.md
  - docs/models/operations/getworkspacesettingsglobals.md
  - docs/models/operations/getworkspacesettingsrequest.md
  - docs/models/operations/getworkspacesettingsresponse.md
  - docs/models/operations/getworkspacesresponse.md
  - docs/models/operations/getworkspacetargetsdeprecatedglobals.md
  - docs/models/operations/getworkspacetargetsdeprecatedrequest.md
  - docs/models/operations/getworkspacetargetsdeprecatedresponse.md
  - docs/models/operations/getworkspacetargetsrequest.md
  - docs/models/operations/getworkspacetargetsresponse.md
  - docs/models/operations/getworkspaceteamglobals.md
  - docs/models/operations/getworkspaceteamrequest.md
  - docs/models/operations/getworkspaceteamresponse.md
  - docs/models/operations/getworkspacetokensglobals.md
  - docs/models/operations/getworkspacetokensrequest.md
  - docs/models/operations/getworkspacetokensresponse.md
  - docs/models/operations/githubcheckpublishingprsrequest.md
  - docs/models/operations/githubcheckpublishingprsresponse.md
  - docs/models/operations/githubcheckpublishingsecretsrequest.md
  - docs/models/operations/githubcheckpublishingsecretsresponse.md
  - docs/models/operations/githubconfigurecodesamplesresponse.md
  - docs/models/operations/githubconfiguremintlifyreporesponse.md
  - docs/models/operations/githubconfiguretargetresponse.md
  - docs/models/operations/githubstorepublishingsecretsresponse.md
  - docs/models/operations/githubtriggeractionresponse.md
  - docs/models/operations/grantuseraccesstoworkspaceglobals.md
  - docs/models/operations/grantuseraccesstoworkspacerequest.md
  - docs/models/operations/grantuseraccesstoworkspaceresponse.md
  - docs/models/operations/ignoresubscriptionnamespacerequest.md
  - docs/models/operations/ignoresubscriptionnamespaceresponse.md
  - docs/models/operations/linkgithubaccessrequest.md
  - docs/models/operations/linkgithubaccessresponse.md
  - docs/models/operations/listremotesourcesrequest.md
  - docs/models/operations/listremotesourcesresponse.md
  - docs/models/operations/methodpaths.md
  - docs/models/operations/posttagsrequest.md
  - docs/models/operations/posttagsresponse.md
  - docs/models/operations/postworkspaceeventsglobals.md
  - docs/models/operations/postworkspaceeventsrequest.md
  - docs/models/operations/postworkspaceeventsresponse.md
  - docs/models/operations/preflightresponse.md
  - docs/models/operations/revokeuseraccesstoworkspaceglobals.md
  - docs/models/operations/revokeuseraccesstoworkspacerequest.md
  - docs/models/operations/revokeuseraccesstoworkspaceresponse.md
  - docs/models/operations/schema.md
  - docs/models/operations/searchworkspaceeventsglobals.md
  - docs/models/operations/searchworkspaceeventsrequest.md
  - docs/models/operations/searchworkspaceeventsresponse.md
  - docs/models/operations/setvisibilityrequest.md
  - docs/models/operations/setvisibilityrequestbody.md
  - docs/models/operations/setvisibilityresponse.md
  - docs/models/operations/setworkspacefeatureflagsresponse.md
  - docs/models/operations/suggestitemsresponse.md
  - docs/models/operations/suggestopenapiregistryrequest.md
  - docs/models/operations/suggestopenapiregistryresponse.md
  - docs/models/operations/suggestopenapirequest.md
  - docs/models/operations/suggestopenapirequestbody.md
  - docs/models/operations/suggestopenapiresponse.md
  - docs/models/operations/suggestrequest.md
  - docs/models/operations/suggestresponse.md
  - docs/models/operations/updateworkspacedetailsglobals.md
  - docs/models/operations/updateworkspacedetailsrequest.md
  - docs/models/operations/updateworkspacedetailsresponse.md
  - docs/models/operations/updateworkspacesettingsglobals.md
  - docs/models/operations/updateworkspacesettingsrequest.md
  - docs/models/operations/updateworkspacesettingsresponse.md
  - docs/models/operations/uploadreportrequestbody.md
  - docs/models/operations/uploadreportresponse.md
  - docs/models/operations/uploadreportuploadedreport.md
  - docs/models/operations/validateapikeyresponse.md
  - docs/sdks/artifacts/README.md
  - docs/sdks/auth/README.md
  - docs/sdks/codesamples/README.md
  - docs/sdks/events/README.md
  - docs/sdks/github/README.md
  - docs/sdks/organizations/README.md
  - docs/sdks/reports/README.md
  - docs/sdks/sdk/README.md
  - docs/sdks/shorturls/README.md
  - docs/sdks/subscriptions/README.md
  - docs/sdks/suggest/README.md
  - docs/sdks/workspaces/README.md
  - eslint.config.mjs
  - jsr.json
  - package.json
  - src/core.ts
  - src/funcs/artifactsCreateRemoteSource.ts
  - src/funcs/artifactsGetBlob.ts
  - src/funcs/artifactsGetManifest.ts
  - src/funcs/artifactsGetNamespaces.ts
  - src/funcs/artifactsGetRevisions.ts
  - src/funcs/artifactsGetTags.ts
  - src/funcs/artifactsListRemoteSources.ts
  - src/funcs/artifactsPostTags.ts
  - src/funcs/artifactsPreflight.ts
  - src/funcs/artifactsSetArchived.ts
  - src/funcs/artifactsSetVisibility.ts
  - src/funcs/authGetAccess.ts
  - src/funcs/authGetAccessToken.ts
  - src/funcs/authGetUser.ts
  - src/funcs/authValidateApiKey.ts
  - src/funcs/codeSamplesGenerateCodeSamplePreview.ts
  - src/funcs/codeSamplesGenerateCodeSamplePreviewAsync.ts
  - src/funcs/codeSamplesGet.ts
  - src/funcs/codeSamplesGetCodeSamplePreviewAsync.ts
  - src/funcs/eventsGetEventsByTarget.ts
  - src/funcs/eventsGetTargets.ts
  - src/funcs/eventsGetTargetsDeprecated.ts
  - src/funcs/eventsPost.ts
  - src/funcs/eventsSearch.ts
  - src/funcs/githubCheckAccess.ts
  - src/funcs/githubCheckPublishingPRs.ts
  - src/funcs/githubCheckPublishingSecrets.ts
  - src/funcs/githubConfigureCodeSamples.ts
  - src/funcs/githubConfigureMintlifyRepo.ts
  - src/funcs/githubConfigureTarget.ts
  - src/funcs/githubGetAction.ts
  - src/funcs/githubGetSetup.ts
  - src/funcs/githubLinkGithub.ts
  - src/funcs/githubStorePublishingSecrets.ts
  - src/funcs/githubTriggerAction.ts
  - src/funcs/organizationsCreate.ts
  - src/funcs/organizationsCreateFreeTrial.ts
  - src/funcs/organizationsGet.ts
  - src/funcs/organizationsGetAll.ts
  - src/funcs/organizationsGetUsage.ts
  - src/funcs/reportsGetChangesReportSignedUrl.ts
  - src/funcs/reportsGetLintingReportSignedUrl.ts
  - src/funcs/reportsUploadReport.ts
  - src/funcs/shortURLsCreate.ts
  - src/funcs/subscriptionsActivateSubscriptionNamespace.ts
  - src/funcs/subscriptionsIgnoreSubscriptionNamespace.ts
  - src/funcs/suggestSuggest.ts
  - src/funcs/suggestSuggestItems.ts
  - src/funcs/suggestSuggestOpenAPI.ts
  - src/funcs/suggestSuggestOpenAPIRegistry.ts
  - src/funcs/workspacesCreate.ts
  - src/funcs/workspacesCreateToken.ts
  - src/funcs/workspacesDeleteToken.ts
  - src/funcs/workspacesGet.ts
  - src/funcs/workspacesGetAll.ts
  - src/funcs/workspacesGetByID.ts
  - src/funcs/workspacesGetFeatureFlags.ts
  - src/funcs/workspacesGetSettings.ts
  - src/funcs/workspacesGetTeam.ts
  - src/funcs/workspacesGetTokens.ts
  - src/funcs/workspacesGrantAccess.ts
  - src/funcs/workspacesRevokeAccess.ts
  - src/funcs/workspacesSetFeatureFlags.ts
  - src/funcs/workspacesUpdate.ts
  - src/funcs/workspacesUpdateSettings.ts
  - src/hooks/hooks.ts
  - src/hooks/index.ts
  - src/hooks/types.ts
  - src/index.ts
  - src/lib/base64.ts
  - src/lib/config.ts
  - src/lib/dlv.ts
  - src/lib/encodings.ts
  - src/lib/files.ts
  - src/lib/http.ts
  - src/lib/is-plain-object.ts
  - src/lib/logger.ts
  - src/lib/matchers.ts
  - src/lib/primitives.ts
  - src/lib/retries.ts
  - src/lib/schemas.ts
  - src/lib/sdks.ts
  - src/lib/security.ts
  - src/lib/url.ts
  - src/models/components/accessdetails.ts
  - src/models/components/accesstoken.ts
  - src/models/components/accounttype.ts
  - src/models/components/addtags.ts
  - src/models/components/annotations.ts
  - src/models/components/apikeydetails.ts
  - src/models/components/clievent.ts
  - src/models/components/codesampleschemainput.ts
  - src/models/components/codesamplesjobstatus.ts
  - src/models/components/diagnostic.ts
  - src/models/components/featureflag.ts
  - src/models/components/getnamespacesresponse.ts
  - src/models/components/getrevisionsresponse.ts
  - src/models/components/gettagsresponse.ts
  - src/models/components/githubconfigurecodesamplesrequest.ts
  - src/models/components/githubconfigurecodesamplesresponse.ts
  - src/models/components/githubconfiguremintlifyreporequest.ts
  - src/models/components/githubconfiguretargetrequest.ts
  - src/models/components/githubgetactionresponse.ts
  - src/models/components/githubmissingpublishingsecretsresponse.ts
  - src/models/components/githubpublishingprresponse.ts
  - src/models/components/githubsetupstateresponse.ts
  - src/models/components/githubstorepublishingsecretsrequest.ts
  - src/models/components/githubtriggeractionrequest.ts
  - src/models/components/httpmetadata.ts
  - src/models/components/httpmethod.ts
  - src/models/components/index.ts
  - src/models/components/interactiontype.ts
  - src/models/components/manifest.ts
  - src/models/components/namespace.ts
  - src/models/components/oasinfo.ts
  - src/models/components/oasoperation.ts
  - src/models/components/oassummary.ts
  - src/models/components/organization.ts
  - src/models/components/organizationusage.ts
  - src/models/components/organizationusageresponse.ts
  - src/models/components/preflightrequest.ts
  - src/models/components/preflighttoken.ts
  - src/models/components/remotedocument.ts
  - src/models/components/remotesource.ts
  - src/models/components/remotesourcesubscriptionsettings.ts
  - src/models/components/report.ts
  - src/models/components/revision.ts
  - src/models/components/revisioncontentsmetadata.ts
  - src/models/components/security.ts
  - src/models/components/shorturl.ts
  - src/models/components/ssometadata.ts
  - src/models/components/suggestitemsrequestbody.ts
  - src/models/components/suggestoptsold.ts
  - src/models/components/suggestrequestbody.ts
  - src/models/components/tag.ts
  - src/models/components/targetsdk.ts
  - src/models/components/usagesnippet.ts
  - src/models/components/usagesnippets.ts
  - src/models/components/user.ts
  - src/models/components/v2descriptor.ts
  - src/models/components/workflowdocument.ts
  - src/models/components/workspace.ts
  - src/models/components/workspaceandorganization.ts
  - src/models/components/workspacefeatureflag.ts
  - src/models/components/workspacefeatureflagrequest.ts
  - src/models/components/workspacefeatureflagresponse.ts
  - src/models/components/workspaceinviteresponse.ts
  - src/models/components/workspacesettings.ts
  - src/models/components/workspaceteamresponse.ts
  - src/models/components/workspacetoken.ts
  - src/models/errors/error.ts
  - src/models/errors/httpclienterrors.ts
  - src/models/errors/index.ts
  - src/models/errors/sdkerror.ts
  - src/models/errors/sdkvalidationerror.ts
  - src/models/operations/activatesubscriptionnamespace.ts
  - src/models/operations/archivenamespace.ts
  - src/models/operations/checkgithubaccess.ts
  - src/models/operations/create.ts
  - src/models/operations/createfreetrial.ts
  - src/models/operations/createorganization.ts
  - src/models/operations/createremotesource.ts
  - src/models/operations/createworkspace.ts
  - src/models/operations/createworkspacetoken.ts
  - src/models/operations/deleteworkspacetoken.ts
  - src/models/operations/generatecodesamplepreview.ts
  - src/models/operations/generatecodesamplepreviewasync.ts
  - src/models/operations/getaccesstoken.ts
  - src/models/operations/getblob.ts
  - src/models/operations/getchangesreportsignedurl.ts
  - src/models/operations/getcodesamplepreviewasync.ts
  - src/models/operations/getcodesamples.ts
  - src/models/operations/getgithubaction.ts
  - src/models/operations/getgithubsetupstate.ts
  - src/models/operations/getlintingreportsignedurl.ts
  - src/models/operations/getmanifest.ts
  - src/models/operations/getnamespaces.ts
  - src/models/operations/getorganization.ts
  - src/models/operations/getorganizations.ts
  - src/models/operations/getorganizationusage.ts
  - src/models/operations/getrevisions.ts
  - src/models/operations/gettags.ts
  - src/models/operations/getuser.ts
  - src/models/operations/getworkspace.ts
  - src/models/operations/getworkspaceaccess.ts
  - src/models/operations/getworkspacebycontext.ts
  - src/models/operations/getworkspaceeventsbytarget.ts
  - src/models/operations/getworkspacefeatureflags.ts
  - src/models/operations/getworkspaces.ts
  - src/models/operations/getworkspacesettings.ts
  - src/models/operations/getworkspacetargets.ts
  - src/models/operations/getworkspacetargetsdeprecated.ts
  - src/models/operations/getworkspaceteam.ts
  - src/models/operations/getworkspacetokens.ts
  - src/models/operations/githubcheckpublishingprs.ts
  - src/models/operations/githubcheckpublishingsecrets.ts
  - src/models/operations/githubconfigurecodesamples.ts
  - src/models/operations/githubconfiguremintlifyrepo.ts
  - src/models/operations/githubconfiguretarget.ts
  - src/models/operations/githubstorepublishingsecrets.ts
  - src/models/operations/githubtriggeraction.ts
  - src/models/operations/grantuseraccesstoworkspace.ts
  - src/models/operations/ignoresubscriptionnamespace.ts
  - src/models/operations/index.ts
  - src/models/operations/linkgithubaccess.ts
  - src/models/operations/listremotesources.ts
  - src/models/operations/posttags.ts
  - src/models/operations/postworkspaceevents.ts
  - src/models/operations/preflight.ts
  - src/models/operations/revokeuseraccesstoworkspace.ts
  - src/models/operations/searchworkspaceevents.ts
  - src/models/operations/setvisibility.ts
  - src/models/operations/setworkspacefeatureflags.ts
  - src/models/operations/suggest.ts
  - src/models/operations/suggestitems.ts
  - src/models/operations/suggestopenapi.ts
  - src/models/operations/suggestopenapiregistry.ts
  - src/models/operations/updateworkspacedetails.ts
  - src/models/operations/updateworkspacesettings.ts
  - src/models/operations/uploadreport.ts
  - src/models/operations/validateapikey.ts
  - src/sdk/artifacts.ts
  - src/sdk/auth.ts
  - src/sdk/codesamples.ts
  - src/sdk/events.ts
  - src/sdk/github.ts
  - src/sdk/index.ts
  - src/sdk/organizations.ts
  - src/sdk/reports.ts
  - src/sdk/sdk.ts
  - src/sdk/shorturls.ts
  - src/sdk/subscriptions.ts
  - src/sdk/suggest.ts
  - src/sdk/workspaces.ts
  - src/types/async.ts
  - src/types/blobs.ts
  - src/types/constdatetime.ts
  - src/types/enums.ts
  - src/types/fp.ts
  - src/types/index.ts
  - src/types/operations.ts
  - src/types/rfcdate.ts
  - src/types/streams.ts
  - tsconfig.json
examples:
  validateApiKey: {}
  getUser: {}
  getAccessToken:
    speakeasy-default-get-access-token:
      parameters:
        query:
          workspace_id: "<id>"
  getWorkspaceAccess: {}
  getCodeSamples:
    "":
      parameters:
        query:
          registry_url: "https://spec.speakeasy.com/my-org/my-workspace/my-source"
          operation_ids: ["getPets"]
          method_paths: [{"method": "get", "path": "/pets"}]
          languages: ["python", "javascript"]
    default:
      parameters:
        query:
          registry_url: "https://spec.speakeasy.com/my-org/my-workspace/my-source"
          operation_ids: ["getPets"]
          method_paths: [{"method": "get", "path": "/pets"}]
          languages: ["python", "javascript"]
      responses:
        2XX:
          application/json: {"snippets": [{"path": "/pet/{id}", "method": "get", "operationId": "getPetById", "language": "typescript", "code": "import { Petstore } from \"petstore-sdk\";\n\nconst petstore = new Petstore({\n  apiKey: \"<YOUR_API_KEY_HERE>\",\n});\n\nasync function run() {\n  const result = await petstore.pet.getById({\n    id: 137396,\n  });\n\n  // Handle the result\n  console.log(result);\n}\n\nrun();"}]}
  generateCodeSamplePreview:
    default:
      requestBody:
        multipart/form-data: {"language": "<value>", "schema_file": {"": "x-file: example.file"}}
      responses:
        2XX:
          application/json: {"snippets": [{"path": "/pet/{id}", "method": "get", "operationId": "getPetById", "language": "typescript", "code": "import { Petstore } from \"petstore-sdk\";\n\nconst petstore = new Petstore({\n  apiKey: \"<YOUR_API_KEY_HERE>\",\n});\n\nasync function run() {\n  const result = await petstore.pet.getById({\n    id: 137396,\n  });\n\n  // Handle the result\n  console.log(result);\n}\n\nrun();"}]}
  generateCodeSamplePreviewAsync:
    speakeasy-default-generate-code-sample-preview-async:
      requestBody:
        multipart/form-data: {"language": "<value>", "schema_file": {"": "x-file: example.file"}}
  getCodeSamplePreviewAsync:
    default:
      parameters:
        path:
          jobID: "<id>"
      responses:
        2XX:
          application/json: {"snippets": [{"path": "/pet/{id}", "method": "get", "operationId": "getPetById", "language": "typescript", "code": "import { Petstore } from \"petstore-sdk\";\n\nconst petstore = new Petstore({\n  apiKey: \"<YOUR_API_KEY_HERE>\",\n});\n\nasync function run() {\n  const result = await petstore.pet.getById({\n    id: 137396,\n  });\n\n  // Handle the result\n  console.log(result);\n}\n\nrun();"}]}
  getGithubSetupState:
    speakeasy-default-get-github-setup-state:
      parameters:
        query:
          org: "<value>"
          repo: "<value>"
          generate_gen_lock_id: "<id>"
  checkGithubAccess:
    speakeasy-default-check-github-access:
      parameters:
        query:
          org: "<value>"
          repo: "<value>"
  linkGithubAccess: {}
  githubCheckPublishingPRs:
    speakeasy-default-github-check-publishing-P-rs:
      parameters:
        query:
          generate_gen_lock_id: "<id>"
          org: "<value>"
          repo: "<value>"
  githubCheckPublishingSecrets:
    speakeasy-default-github-check-publishing-secrets:
      parameters:
        query:
          generate_gen_lock_id: "<id>"
  githubStorePublishingSecrets:
    speakeasy-default-github-store-publishing-secrets:
      requestBody:
        application/json: {"generate_gen_lock_id": "<id>"}
  githubConfigureCodeSamples:
    speakeasy-default-github-configure-code-samples:
      requestBody:
        application/json: {"org": "<value>", "repo": "<value>", "targetName": "<value>"}
  githubConfigureMintlifyRepo:
    speakeasy-default-github-configure-mintlify-repo:
      requestBody:
        application/json: {"org": "<value>", "repo": "<value>", "input": "<value>", "overlays": ["<value>"]}
  githubConfigureTarget:
    speakeasy-default-github-configure-target:
      requestBody:
        application/json: {"org": "<value>", "repo_name": "<value>"}
  githubTriggerAction:
    speakeasy-default-github-trigger-action:
      requestBody:
        application/json: {"org": "<value>", "repo_name": "<value>", "gen_lock_id": "<id>"}
  getGitHubAction:
    speakeasy-default-get-git-hub-action:
      parameters:
        query:
          org: "<value>"
          repo: "<value>"
  getOrganizations: {}
  createOrganization:
    speakeasy-default-create-organization:
      requestBody:
        application/json: {"id": "<id>", "name": "<value>", "slug": "<value>", "account_type": "scale-up", "telemetry_disabled": false, "created_at": "2024-04-02T12:48:32.253Z", "updated_at": "2023-05-28T06:20:22.766Z", "sso_activated": true}
  getOrganization:
    speakeasy-default-get-organization:
      parameters:
        path:
          organizationID: "<id>"
  createFreeTrial: {}
  getOrganizationUsage: {}
  getWorkspaces: {}
  getWorkspaceByContext: {}
  createWorkspace:
    speakeasy-default-create-workspace:
      requestBody:
        application/json: {"created_at": "2024-06-17T07:14:55.338Z", "id": "<id>", "name": "<value>", "organization_id": "<id>", "slug": "<value>", "updated_at": "2024-11-30T17:06:07.804Z", "verified": true}
  getWorkspace:
    speakeasy-default-get-workspace:
      parameters:
        path:
          workspace_id: "<id>"
  updateWorkspaceDetails:
    speakeasy-default-update-workspace-details:
      parameters:
        path:
          workspace_id: "<id>"
      requestBody:
        application/json: {"created_at": "2025-07-28T19:04:48.565Z", "id": "<id>", "name": "<value>", "organization_id": "<id>", "slug": "<value>", "updated_at": "2024-10-16T10:52:42.015Z", "verified": true}
  getWorkspaceSettings:
    speakeasy-default-get-workspace-settings:
      parameters:
        path:
          workspace_id: "<id>"
  updateWorkspaceSettings:
    speakeasy-default-update-workspace-settings:
      parameters:
        path:
          workspace_id: "<id>"
      requestBody:
        application/json: {"workspace_id": "<id>", "webhook_url": "https://last-suspension.info/", "created_at": "2024-12-28T06:46:35.807Z", "updated_at": "2025-02-03T10:37:56.725Z"}
  getWorkspaceTeam:
    speakeasy-default-get-workspace-team:
      parameters:
        path:
          workspace_id: "<id>"
  grantUserAccessToWorkspace:
    speakeasy-default-grant-user-access-to-workspace:
      parameters:
        path:
          workspace_id: "<id>"
          email: "Lucinda.Batz8@hotmail.com"
  revokeUserAccessToWorkspace:
    speakeasy-default-revoke-user-access-to-workspace:
      parameters:
        path:
          workspace_id: "<id>"
          userId: "<id>"
  getWorkspaceTokens:
    speakeasy-default-get-workspace-tokens:
      parameters:
        path:
          workspace_id: "<id>"
  createWorkspaceToken:
    speakeasy-default-create-workspace-token:
      parameters:
        path:
          workspace_id: "<id>"
      requestBody:
        application/json: {"id": "<id>", "name": "<value>", "workspace_id": "<id>", "alg": "<value>", "key": "<key>", "created_at": "2023-08-16T02:33:00.784Z"}
  deleteWorkspaceToken:
    speakeasy-default-delete-workspace-token:
      parameters:
        path:
          workspace_id: "<id>"
          tokenID: "<id>"
  setWorkspaceFeatureFlags:
    speakeasy-default-set-workspace-feature-flags:
      requestBody:
        application/json: {"feature_flags": ["skip_schema_registry", "webhooks"]}
  getWorkspaceFeatureFlags:
    speakeasy-default-get-workspace-feature-flags:
      parameters:
        path:
          workspace_id: "<id>"
  searchWorkspaceEvents:
    speakeasy-default-search-workspace-events:
      parameters:
        path:
          workspace_id: "<id>"
        query: {}
  postWorkspaceEvents:
    speakeasy-default-post-workspace-events:
      parameters:
        path:
          workspace_id: "<id>"
      requestBody:
        application/json: [{"id": "<id>", "execution_id": "<id>", "workspace_id": "<id>", "speakeasy_api_key_name": "<value>", "interaction_type": "RUN", "local_started_at": "2024-09-08T05:59:33.876Z", "created_at": "2025-08-12T17:54:17.538Z", "speakeasy_version": "<value>", "success": true}]
  getWorkspaceEventsByTarget:
    speakeasy-default-get-workspace-events-by-target:
      parameters:
        path:
          workspace_id: "<id>"
          target_id: "<id>"
        query: {}
  getWorkspaceTargets: {}
  getWorkspaceTargetsDeprecated:
    speakeasy-default-get-workspace-targets-deprecated:
      parameters:
        path:
          workspace_id: "<id>"
        query: {}
  uploadReport:
    speakeasy-default-upload-report:
      requestBody:
        multipart/form-data: {"data": {}, "file": {"": "x-file: example.file"}}
  getLintingReportSignedUrl:
    speakeasy-default-get-linting-report-signed-url:
      parameters:
        path:
          documentChecksum: "<value>"
  getChangesReportSignedUrl:
    speakeasy-default-get-changes-report-signed-url:
      parameters:
        path:
          documentChecksum: "<value>"
  suggestOpenAPI:
    speakeasy-default-suggest-open-API:
      parameters:
        header:
          x-session-id: "<id>"
      requestBody:
        multipart/form-data: {"schema": {"": "x-file: example.file"}}
  suggest:
    speakeasy-default-suggest:
      parameters:
        header:
          x-session-id: "<id>"
      requestBody:
        application/json: {"oas_summary": {"info": {"title": "<value>", "summary": "<value>", "description": "ugh which garrote ashamed sarong fiddle really", "version": "<value>", "license": {}}, "operations": []}, "suggestion_type": "diagnostics-only", "diagnostics": []}
  suggestItems:
    speakeasy-default-suggest-items:
      requestBody:
        application/json: {"prompt": "<value>", "items": []}
  suggestOpenAPIRegistry:
    speakeasy-default-suggest-open-API-registry:
      parameters:
        path:
          namespace_name: "<value>"
          revision_reference: "<value>"
        header:
          x-session-id: "<id>"
  create:
    speakeasy-default-create:
      requestBody:
        application/json: {"url": "https://probable-heating.com/"}
  preflight: {}
  getNamespaces: {}
  archiveNamespace:
    speakeasy-default-archive-namespace:
      parameters:
        path:
          namespace_name: "<value>"
  getRevisions:
    speakeasy-default-get-revisions:
      parameters:
        path:
          namespace_name: "<value>"
        query: {}
      responses:
        2XX:
          application/json: {"items": [{"id": "<id>", "digest": "sha256:6d1ef012b5674ad8a127ecfa9b5e6f5178d171b90ee462846974177fd9bdd39f", "namespace_name": "<value>", "tags": ["<value>", "<value>", "<value>"], "created_at": "2023-10-21T22:31:00.392Z", "updated_at": "2024-12-05T05:58:38.953Z"}], "next_page_token": "<value>"}
        4XX: {}
  getTags:
    speakeasy-default-get-tags:
      parameters:
        path:
          namespace_name: "<value>"
  postTags:
    speakeasy-default-post-tags:
      parameters:
        path:
          namespace_name: "<value>"
  setVisibility:
    speakeasy-default-set-visibility:
      parameters:
        path:
          namespace_name: "<value>"
  listRemoteSources:
    speakeasy-default-list-remote-sources:
      parameters:
        query:
          namespace_name: "<value>"
  createRemoteSource: {}
  getManifest:
    speakeasy-default-get-manifest:
      parameters:
        path:
          organization_slug: "<value>"
          workspace_slug: "<value>"
          namespace_name: "<value>"
          revision_reference: "<value>"
      responses:
        2XX:
          application/vnd.oci.image.manifest.v1+json: {"schemaVersion": 2, "mediaType": "application/vnd.docker.distribution.manifest.v2+json", "layers": [{"digest": "sha256:5d20c808ce198565ff70b3ed23a991dd49afac45dece63474b27ce6ed036adc6", "mediaType": "application/vnd.docker.image.rootfs.diff.tar.gzip", "size": 2107098}]}
        4XX: {}
  getBlob:
    speakeasy-default-get-blob:
      parameters:
        path:
          organization_slug: "<value>"
          workspace_slug: "<value>"
          namespace_name: "<value>"
          digest: "<value>"
  ignoreSubscriptionNamespace:
    speakeasy-default-ignore-subscription-namespace:
      parameters:
        path:
          subscriptionID: "<id>"
          namespaceName: "<value>"
  activateSubscriptionNamespace:
    speakeasy-default-activate-subscription-namespace:
      parameters:
        path:
          subscriptionID: "<id>"
          namespaceName: "<value>"
examplesVersion: 1.0.0
generatedTests: {}
