lockVersion: 2.0.0
id: 7f47b505-484c-4b8b-b5dc-a1438904fbbe
management:
  docChecksum: 7e5374ccd8317cf07089c151d486221b
  docVersion: 0.4.0 .
  speakeasyVersion: 1.358.0
  generationVersion: 2.390.6
  releaseVersion: 0.2.0
  configChecksum: 7584f4901755625d5491a4824034f567
  repoURL: https://github.com/mfbx9da4/speakeasy-test-3.git
  installationURL: https://github.com/mfbx9da4/speakeasy-test-3
features:
  typescript:
    acceptHeaders: 2.81.2
    additionalDependencies: 0.1.0
    core: 3.12.3
    defaultEnabledRetries: 0.1.0
    deprecations: 2.81.1
    downloadStreams: 0.1.1
    envVarSecurityUsage: 0.1.1
    examples: 2.81.4
    flattening: 2.81.1
    globalSecurity: 2.82.11
    globalSecurityCallbacks: 0.1.0
    globalServerURLs: 2.82.4
    globals: 2.82.1
    inputOutputModels: 2.82.0
    nullables: 0.1.0
    openEnums: 0.1.1
    responseFormat: 0.2.3
    retries: 2.83.0
    sdkHooks: 0.1.0
    serverEventsSentinels: 0.1.0
    serverIDs: 2.81.2
generatedFiles:
  - src/funcs/apisGetApis.ts
  - src/funcs/apisGetAllApiVersions.ts
  - src/funcs/apisUpsertApi.ts
  - src/funcs/apisDeleteApi.ts
  - src/funcs/apisGenerateOpenApiSpec.ts
  - src/funcs/apisGeneratePostmanCollection.ts
  - src/funcs/apiEndpointsGetAllApiEndpoints.ts
  - src/funcs/apiEndpointsGetAllForVersionApiEndpoints.ts
  - src/funcs/apiEndpointsFindApiEndpoint.ts
  - src/funcs/apiEndpointsDeleteApiEndpoint.ts
  - src/funcs/apiEndpointsGetApiEndpoint.ts
  - src/funcs/apiEndpointsUpsertApiEndpoint.ts
  - src/funcs/apiEndpointsGenerateOpenApiSpecForApiEndpoint.ts
  - src/funcs/apiEndpointsGeneratePostmanCollectionForApiEndpoint.ts
  - src/funcs/metadataGetVersionMetadata.ts
  - src/funcs/metadataInsertVersionMetadata.ts
  - src/funcs/metadataDeleteVersionMetadata.ts
  - src/funcs/schemasGetSchema.ts
  - src/funcs/schemasRegisterSchema.ts
  - src/funcs/schemasDownloadSchema.ts
  - src/funcs/schemasGetSchemaDiff.ts
  - src/funcs/schemasDeleteSchema.ts
  - src/funcs/schemasGetSchemaRevision.ts
  - src/funcs/schemasDownloadSchemaRevision.ts
  - src/funcs/schemasGetSchemas.ts
  - src/funcs/authValidateApiKey.ts
  - src/funcs/authGetUser.ts
  - src/funcs/authGetAccessToken.ts
  - src/funcs/authGetWorkspaceAccess.ts
  - src/funcs/requestsQueryEventLog.ts
  - src/funcs/requestsGetRequestFromEventLog.ts
  - src/funcs/requestsGenerateRequestPostmanCollection.ts
  - src/funcs/githubCheckAccess.ts
  - src/funcs/githubFetchPublishingPRs.ts
  - src/funcs/githubGithubCheckPublishingSecrets.ts
  - src/funcs/githubGithubStorePublishingSecrets.ts
  - src/funcs/githubConfigureCodeSamples.ts
  - src/funcs/githubConfigureMintlifyRepo.ts
  - src/funcs/githubConfigureTarget.ts
  - src/funcs/githubTriggerAction.ts
  - src/funcs/githubGetAction.ts
  - src/funcs/organizationsGetOrganizations.ts
  - src/funcs/organizationsGetOrganization.ts
  - src/funcs/organizationsCreateFreeTrial.ts
  - src/funcs/organizationsGetOrganizationUsage.ts
  - src/funcs/embedsGetEmbedAccessToken.ts
  - src/funcs/embedsGetValidEmbedAccessTokens.ts
  - src/funcs/embedsRevokeEmbedAccessToken.ts
  - src/funcs/workspacesGetWorkspace.ts
  - src/funcs/eventsSearchWorkspaceEvents.ts
  - src/funcs/eventsPostWorkspaceEvents.ts
  - src/funcs/eventsGetWorkspaceEventsByTarget.ts
  - src/funcs/eventsGetWorkspaceTargets.ts
  - src/funcs/artifactsPreflight.ts
  - src/funcs/artifactsGetNamespaces.ts
  - src/funcs/artifactsGetRevisions.ts
  - src/funcs/artifactsGetOASSummary.ts
  - src/funcs/artifactsGetTags.ts
  - src/funcs/artifactsPostTags.ts
  - src/funcs/artifactsGetManifest.ts
  - src/funcs/artifactsGetBlob.ts
  - src/funcs/reportsUploadReport.ts
  - src/funcs/reportsGetLintingReportSignedUrl.ts
  - src/funcs/reportsGetChangesReportSignedUrl.ts
  - src/funcs/suggestSuggestOperationIDs.ts
  - src/funcs/suggestSuggestOperationIDsRegistry.ts
  - src/funcs/suggestApplyOperationIDs.ts
  - src/funcs/shortURLsCreate.ts
  - src/sdk/apis.ts
  - src/sdk/apiendpoints.ts
  - src/sdk/metadata.ts
  - src/sdk/schemas.ts
  - src/sdk/auth.ts
  - src/sdk/requests.ts
  - src/sdk/github.ts
  - src/sdk/organizations.ts
  - src/sdk/embeds.ts
  - src/sdk/workspaces.ts
  - src/sdk/events.ts
  - src/sdk/artifacts.ts
  - src/sdk/reports.ts
  - src/sdk/suggest.ts
  - src/sdk/shorturls.ts
  - src/sdk/sdk.ts
  - .eslintrc.cjs
  - .npmignore
  - RUNTIMES.md
  - jsr.json
  - package.json
  - src/core.ts
  - src/index.ts
  - src/lib/base64.ts
  - src/lib/config.ts
  - src/lib/dlv.ts
  - src/lib/encodings.ts
  - src/lib/http.ts
  - src/lib/is-plain-object.ts
  - src/lib/matchers.ts
  - src/lib/primitives.ts
  - src/lib/retries.ts
  - src/lib/schemas.ts
  - src/lib/sdks.ts
  - src/lib/security.ts
  - src/lib/url.ts
  - src/sdk/index.ts
  - src/models/errors/httpclienterrors.ts
  - src/models/errors/sdkerror.ts
  - src/models/errors/sdkvalidationerror.ts
  - src/types/blobs.ts
  - src/types/enums.ts
  - src/types/fp.ts
  - src/types/index.ts
  - src/types/operations.ts
  - src/types/rfcdate.ts
  - tsconfig.json
  - src/models/operations/getapis.ts
  - src/models/operations/getallapiversions.ts
  - src/models/operations/upsertapi.ts
  - src/models/operations/deleteapi.ts
  - src/models/operations/generateopenapispec.ts
  - src/models/operations/generatepostmancollection.ts
  - src/models/operations/getallapiendpoints.ts
  - src/models/operations/getallforversionapiendpoints.ts
  - src/models/operations/findapiendpoint.ts
  - src/models/operations/deleteapiendpoint.ts
  - src/models/operations/getapiendpoint.ts
  - src/models/operations/upsertapiendpoint.ts
  - src/models/operations/generateopenapispecforapiendpoint.ts
  - src/models/operations/generatepostmancollectionforapiendpoint.ts
  - src/models/operations/getversionmetadata.ts
  - src/models/operations/insertversionmetadata.ts
  - src/models/operations/deleteversionmetadata.ts
  - src/models/operations/getschema.ts
  - src/models/operations/registerschema.ts
  - src/models/operations/downloadschema.ts
  - src/models/operations/getschemadiff.ts
  - src/models/operations/deleteschema.ts
  - src/models/operations/getschemarevision.ts
  - src/models/operations/downloadschemarevision.ts
  - src/models/operations/getschemas.ts
  - src/models/operations/validateapikey.ts
  - src/models/operations/getuser.ts
  - src/models/operations/getaccesstoken.ts
  - src/models/operations/getworkspaceaccess.ts
  - src/models/operations/queryeventlog.ts
  - src/models/operations/getrequestfromeventlog.ts
  - src/models/operations/generaterequestpostmancollection.ts
  - src/models/operations/checkaccess.ts
  - src/models/operations/fetchpublishingprs.ts
  - src/models/operations/githubcheckpublishingsecrets.ts
  - src/models/operations/githubstorepublishingsecrets.ts
  - src/models/operations/configurecodesamples.ts
  - src/models/operations/configuremintlifyrepo.ts
  - src/models/operations/configuretarget.ts
  - src/models/operations/triggeraction.ts
  - src/models/operations/getaction.ts
  - src/models/operations/getorganizations.ts
  - src/models/operations/getorganization.ts
  - src/models/operations/createfreetrial.ts
  - src/models/operations/getorganizationusage.ts
  - src/models/operations/getembedaccesstoken.ts
  - src/models/operations/getvalidembedaccesstokens.ts
  - src/models/operations/revokeembedaccesstoken.ts
  - src/models/operations/getworkspace.ts
  - src/models/operations/searchworkspaceevents.ts
  - src/models/operations/postworkspaceevents.ts
  - src/models/operations/getworkspaceeventsbytarget.ts
  - src/models/operations/getworkspacetargets.ts
  - src/models/operations/preflight.ts
  - src/models/operations/getnamespaces.ts
  - src/models/operations/getrevisions.ts
  - src/models/operations/getoassummary.ts
  - src/models/operations/gettags.ts
  - src/models/operations/posttags.ts
  - src/models/operations/getmanifest.ts
  - src/models/operations/getblob.ts
  - src/models/operations/uploadreport.ts
  - src/models/operations/getlintingreportsignedurl.ts
  - src/models/operations/getchangesreportsignedurl.ts
  - src/models/operations/suggestoperationids.ts
  - src/models/operations/suggestoperationidsregistry.ts
  - src/models/operations/applyoperationids.ts
  - src/models/operations/create.ts
  - src/models/errors/error.ts
  - src/models/components/api.ts
  - src/models/components/httpmetadata.ts
  - src/models/components/apiinput.ts
  - src/models/components/generateopenapispecdiff.ts
  - src/models/components/apiendpoint.ts
  - src/models/components/apiendpointinput.ts
  - src/models/components/versionmetadata.ts
  - src/models/components/versionmetadatainput.ts
  - src/models/components/schema.ts
  - src/models/components/schemadiff.ts
  - src/models/components/apikeydetails.ts
  - src/models/components/accounttype.ts
  - src/models/components/user.ts
  - src/models/components/accesstoken.ts
  - src/models/components/featureflag.ts
  - src/models/components/accessdetails.ts
  - src/models/components/boundedrequest.ts
  - src/models/components/requestmetadata.ts
  - src/models/components/filters.ts
  - src/models/components/filter.ts
  - src/models/components/unboundedrequest.ts
  - src/models/components/githubpublishingprresponse.ts
  - src/models/components/githubmissingpublishingsecretsresponse.ts
  - src/models/components/githubstorepublishingsecretsrequest.ts
  - src/models/components/githubconfigurecodesamplesresponse.ts
  - src/models/components/workflowdocument.ts
  - src/models/components/githubconfigurecodesamplesrequest.ts
  - src/models/components/githubconfiguremintlifyreporequest.ts
  - src/models/components/githubconfiguretargetrequest.ts
  - src/models/components/githubtriggeractionrequest.ts
  - src/models/components/githubgetactionresponse.ts
  - src/models/components/organization.ts
  - src/models/components/organizationusageresponse.ts
  - src/models/components/organizationusage.ts
  - src/models/components/embedaccesstokenresponse.ts
  - src/models/components/embedtoken.ts
  - src/models/components/workspace.ts
  - src/models/components/clievent.ts
  - src/models/components/interactiontype.ts
  - src/models/components/targetsdk.ts
  - src/models/components/preflighttoken.ts
  - src/models/components/preflightrequest.ts
  - src/models/components/getnamespacesresponse.ts
  - src/models/components/namespace.ts
  - src/models/components/getrevisionsresponse.ts
  - src/models/components/revision.ts
  - src/models/components/oassummary.ts
  - src/models/components/oasoperation.ts
  - src/models/components/oasinfo.ts
  - src/models/components/gettagsresponse.ts
  - src/models/components/tag.ts
  - src/models/components/addtags.ts
  - src/models/components/manifest.ts
  - src/models/components/v2descriptor.ts
  - src/models/components/annotations.ts
  - src/models/components/report.ts
  - src/models/components/suggestedoperationids.ts
  - src/models/components/suggestoperationidsopts.ts
  - src/models/components/shorturl.ts
  - src/models/components/security.ts
  - src/models/errors/index.ts
  - src/models/operations/index.ts
  - src/models/components/index.ts
  - docs/models/operations/op.md
  - docs/models/operations/getapisrequest.md
  - docs/models/operations/getapisresponse.md
  - docs/models/operations/queryparamop.md
  - docs/models/operations/getallapiversionsrequest.md
  - docs/models/operations/getallapiversionsresponse.md
  - docs/models/operations/upsertapirequest.md
  - docs/models/operations/upsertapiresponse.md
  - docs/models/operations/deleteapirequest.md
  - docs/models/operations/deleteapiresponse.md
  - docs/models/operations/generateopenapispecrequest.md
  - docs/models/operations/generateopenapispecresponse.md
  - docs/models/operations/generatepostmancollectionrequest.md
  - docs/models/operations/generatepostmancollectionresponse.md
  - docs/models/operations/getallapiendpointsrequest.md
  - docs/models/operations/getallapiendpointsresponse.md
  - docs/models/operations/getallforversionapiendpointsrequest.md
  - docs/models/operations/getallforversionapiendpointsresponse.md
  - docs/models/operations/findapiendpointrequest.md
  - docs/models/operations/findapiendpointresponse.md
  - docs/models/operations/deleteapiendpointrequest.md
  - docs/models/operations/deleteapiendpointresponse.md
  - docs/models/operations/getapiendpointrequest.md
  - docs/models/operations/getapiendpointresponse.md
  - docs/models/operations/upsertapiendpointrequest.md
  - docs/models/operations/upsertapiendpointresponse.md
  - docs/models/operations/generateopenapispecforapiendpointrequest.md
  - docs/models/operations/generateopenapispecforapiendpointresponse.md
  - docs/models/operations/generatepostmancollectionforapiendpointrequest.md
  - docs/models/operations/generatepostmancollectionforapiendpointresponse.md
  - docs/models/operations/getversionmetadatarequest.md
  - docs/models/operations/getversionmetadataresponse.md
  - docs/models/operations/insertversionmetadatarequest.md
  - docs/models/operations/insertversionmetadataresponse.md
  - docs/models/operations/deleteversionmetadatarequest.md
  - docs/models/operations/deleteversionmetadataresponse.md
  - docs/models/operations/getschemarequest.md
  - docs/models/operations/getschemaresponse.md
  - docs/models/operations/filet.md
  - docs/models/operations/registerschemarequestbody.md
  - docs/models/operations/registerschemarequest.md
  - docs/models/operations/registerschemaresponse.md
  - docs/models/operations/downloadschemarequest.md
  - docs/models/operations/downloadschemaresponse.md
  - docs/models/operations/getschemadiffrequest.md
  - docs/models/operations/getschemadiffresponse.md
  - docs/models/operations/deleteschemarequest.md
  - docs/models/operations/deleteschemaresponse.md
  - docs/models/operations/getschemarevisionrequest.md
  - docs/models/operations/getschemarevisionresponse.md
  - docs/models/operations/downloadschemarevisionrequest.md
  - docs/models/operations/downloadschemarevisionresponse.md
  - docs/models/operations/getschemasrequest.md
  - docs/models/operations/getschemasresponse.md
  - docs/models/operations/validateapikeyresponse.md
  - docs/models/operations/getuserresponse.md
  - docs/models/operations/getaccesstokenrequest.md
  - docs/models/operations/getaccesstokenresponse.md
  - docs/models/operations/getworkspaceaccessrequest.md
  - docs/models/operations/getworkspaceaccessresponse.md
  - docs/models/operations/queryeventlogrequest.md
  - docs/models/operations/queryeventlogresponse.md
  - docs/models/operations/getrequestfromeventlogrequest.md
  - docs/models/operations/getrequestfromeventlogresponse.md
  - docs/models/operations/generaterequestpostmancollectionrequest.md
  - docs/models/operations/generaterequestpostmancollectionresponse.md
  - docs/models/operations/checkaccessrequest.md
  - docs/models/operations/checkaccessresponse.md
  - docs/models/operations/fetchpublishingprsrequest.md
  - docs/models/operations/fetchpublishingprsresponse.md
  - docs/models/operations/githubcheckpublishingsecretsrequest.md
  - docs/models/operations/githubcheckpublishingsecretsresponse.md
  - docs/models/operations/githubstorepublishingsecretsresponse.md
  - docs/models/operations/configurecodesamplesresponse.md
  - docs/models/operations/configuremintlifyreporesponse.md
  - docs/models/operations/configuretargetresponse.md
  - docs/models/operations/triggeractionresponse.md
  - docs/models/operations/getactionrequest.md
  - docs/models/operations/getactionresponse.md
  - docs/models/operations/getorganizationsresponse.md
  - docs/models/operations/getorganizationrequest.md
  - docs/models/operations/getorganizationresponse.md
  - docs/models/operations/createfreetrialresponse.md
  - docs/models/operations/getorganizationusageresponse.md
  - docs/models/operations/getembedaccesstokenrequest.md
  - docs/models/operations/getembedaccesstokenresponse.md
  - docs/models/operations/getvalidembedaccesstokensresponse.md
  - docs/models/operations/revokeembedaccesstokenrequest.md
  - docs/models/operations/revokeembedaccesstokenresponse.md
  - docs/models/operations/getworkspaceglobals.md
  - docs/models/operations/getworkspacerequest.md
  - docs/models/operations/getworkspaceresponse.md
  - docs/models/operations/searchworkspaceeventsglobals.md
  - docs/models/operations/searchworkspaceeventsrequest.md
  - docs/models/operations/searchworkspaceeventsresponse.md
  - docs/models/operations/postworkspaceeventsglobals.md
  - docs/models/operations/postworkspaceeventsrequest.md
  - docs/models/operations/postworkspaceeventsresponse.md
  - docs/models/operations/getworkspaceeventsbytargetglobals.md
  - docs/models/operations/getworkspaceeventsbytargetrequest.md
  - docs/models/operations/getworkspaceeventsbytargetresponse.md
  - docs/models/operations/getworkspacetargetsglobals.md
  - docs/models/operations/getworkspacetargetsrequest.md
  - docs/models/operations/getworkspacetargetsresponse.md
  - docs/models/operations/preflightresponse.md
  - docs/models/operations/getnamespacesresponse.md
  - docs/models/operations/getrevisionsrequest.md
  - docs/models/operations/getrevisionsresponse.md
  - docs/models/operations/getoassummaryrequest.md
  - docs/models/operations/getoassummaryresponse.md
  - docs/models/operations/gettagsrequest.md
  - docs/models/operations/gettagsresponse.md
  - docs/models/operations/posttagsrequest.md
  - docs/models/operations/posttagsresponse.md
  - docs/models/operations/getmanifestrequest.md
  - docs/models/operations/getmanifestresponse.md
  - docs/models/operations/getblobrequest.md
  - docs/models/operations/getblobresponse.md
  - docs/models/operations/uploadreportfile.md
  - docs/models/operations/uploadreportrequestbody.md
  - docs/models/operations/uploadreportuploadedreport.md
  - docs/models/operations/uploadreportresponse.md
  - docs/models/operations/getlintingreportsignedurlrequest.md
  - docs/models/operations/getlintingreportsignedurlsignedaccess.md
  - docs/models/operations/getlintingreportsignedurlresponse.md
  - docs/models/operations/getchangesreportsignedurlrequest.md
  - docs/models/operations/getchangesreportsignedurlsignedaccess.md
  - docs/models/operations/getchangesreportsignedurlresponse.md
  - docs/models/operations/schema.md
  - docs/models/operations/suggestoperationidsrequestbody.md
  - docs/models/operations/suggestoperationidsrequest.md
  - docs/models/operations/suggestoperationidsresponse.md
  - docs/models/operations/suggestoperationidsregistryrequest.md
  - docs/models/operations/suggestoperationidsregistryresponse.md
  - docs/models/operations/applyoperationidsrequestbody.md
  - docs/models/operations/applyoperationidsrequest.md
  - docs/models/operations/applyoperationidsresponse.md
  - docs/models/operations/createrequestbody.md
  - docs/models/operations/createresponse.md
  - docs/models/errors/errort.md
  - docs/models/components/api.md
  - docs/models/components/httpmetadata.md
  - docs/models/components/apiinput.md
  - docs/models/components/generateopenapispecdiff.md
  - docs/models/components/apiendpoint.md
  - docs/models/components/apiendpointinput.md
  - docs/models/components/versionmetadata.md
  - docs/models/components/versionmetadatainput.md
  - docs/models/components/schema.md
  - docs/models/components/valuechange.md
  - docs/models/components/schemadiff.md
  - docs/models/components/apikeydetails.md
  - docs/models/components/accounttype.md
  - docs/models/components/user.md
  - docs/models/components/claims.md
  - docs/models/components/accesstokenuser.md
  - docs/models/components/workspaces.md
  - docs/models/components/accesstoken.md
  - docs/models/components/featureflag.md
  - docs/models/components/level.md
  - docs/models/components/accessdetails.md
  - docs/models/components/boundedrequest.md
  - docs/models/components/requestmetadata.md
  - docs/models/components/filters.md
  - docs/models/components/filter.md
  - docs/models/components/unboundedrequest.md
  - docs/models/components/githubpublishingprresponse.md
  - docs/models/components/githubmissingpublishingsecretsresponse.md
  - docs/models/components/githubstorepublishingsecretsrequest.md
  - docs/models/components/githubconfigurecodesamplesresponse.md
  - docs/models/components/auth.md
  - docs/models/components/workflowdocument.md
  - docs/models/components/githubconfigurecodesamplesrequest.md
  - docs/models/components/githubconfiguremintlifyreporequest.md
  - docs/models/components/githubconfiguretargetrequest.md
  - docs/models/components/githubtriggeractionrequest.md
  - docs/models/components/githubgetactionresponse.md
  - docs/models/components/organization.md
  - docs/models/components/organizationusageresponse.md
  - docs/models/components/organizationusage.md
  - docs/models/components/embedaccesstokenresponse.md
  - docs/models/components/embedtoken.md
  - docs/models/components/workspace.md
  - docs/models/components/generatebumptype.md
  - docs/models/components/openapidiffbumptype.md
  - docs/models/components/clievent.md
  - docs/models/components/interactiontype.md
  - docs/models/components/targetsdk.md
  - docs/models/components/preflighttoken.md
  - docs/models/components/preflightrequest.md
  - docs/models/components/getnamespacesresponse.md
  - docs/models/components/namespace.md
  - docs/models/components/getrevisionsresponse.md
  - docs/models/components/revision.md
  - docs/models/components/oassummary.md
  - docs/models/components/oasoperation.md
  - docs/models/components/license.md
  - docs/models/components/oasinfo.md
  - docs/models/components/gettagsresponse.md
  - docs/models/components/tag.md
  - docs/models/components/addtags.md
  - docs/models/components/manifest.md
  - docs/models/components/v2descriptor.md
  - docs/models/components/annotations.md
  - docs/models/components/type.md
  - docs/models/components/report.md
  - docs/models/components/suggestedoperationids.md
  - docs/models/components/style.md
  - docs/models/components/depthstyle.md
  - docs/models/components/suggestoperationidsopts.md
  - docs/models/components/shorturl.md
  - docs/models/components/security.md
  - docs/sdks/sdk/README.md
  - docs/lib/utils/retryconfig.md
  - docs/sdks/apis/README.md
  - docs/sdks/apiendpoints/README.md
  - docs/sdks/metadata/README.md
  - docs/sdks/schemas/README.md
  - docs/sdks/auth/README.md
  - docs/sdks/requests/README.md
  - docs/sdks/github/README.md
  - docs/sdks/organizations/README.md
  - docs/sdks/embeds/README.md
  - docs/sdks/workspaces/README.md
  - docs/sdks/events/README.md
  - docs/sdks/artifacts/README.md
  - docs/sdks/reports/README.md
  - docs/sdks/suggest/README.md
  - docs/sdks/shorturls/README.md
  - USAGE.md
  - .gitattributes
  - src/hooks/hooks.ts
  - src/hooks/types.ts
  - src/hooks/index.ts
  - CONTRIBUTING.md
