speakeasyVersion: 1.358.0
sources:
    openapi:
        sourceNamespace: openapi
        sourceRevisionDigest: sha256:96e91e0635e91baf6d0710d89a81d1fd8ecfcbe12a7d9e379f2e1f9f6253842c
        sourceBlobDigest: sha256:d05d53a9aa3d0490ed36ff33590b2e94b9bc094b0f820bf61b2f588a76d8d5cf
        tags:
            - latest
            - main
targets:
    first-target:
        source: openapi
        sourceNamespace: openapi
        sourceRevisionDigest: sha256:96e91e0635e91baf6d0710d89a81d1fd8ecfcbe12a7d9e379f2e1f9f6253842c
        sourceBlobDigest: sha256:d05d53a9aa3d0490ed36ff33590b2e94b9bc094b0f820bf61b2f588a76d8d5cf
        codeSamplesNamespace: code-samples-typescript-first-target
        codeSamplesRevisionDigest: sha256:98a6d92a08b9cd90c0397286f8a5a6cb3b58fa5aecf3bc34c60fc25bf4115cb0
        outLocation: /github/workspace/repo
workflow:
    workflowVersion: 1.0.0
    speakeasyVersion: latest
    sources:
        openapi:
            inputs:
                - location: https://docs.speakeasyapi.dev/openapi.yaml
            registry:
                location: registry.speakeasyapi.dev/speakeasy-self/speakeasy-self/openapi
    targets:
        first-target:
            target: typescript
            source: openapi
            codeSamples:
                output: code-samples.yaml
                registry:
                    location: registry.speakeasyapi.dev/speakeasy-self/speakeasy-self/code-samples-typescript-first-target
