speakeasyVersion: 1.502.0
sources:
    openapi:
        sourceNamespace: openapi
        sourceRevisionDigest: sha256:0e43d57581ee457d290fb6cef6ff761fd600e9282a2c98af70a6884accf43e6f
        sourceBlobDigest: sha256:a843248c29fd8193a37b05d1c2fb481233b8537cd753f8247edb55ed42c0c2f2
        tags:
            - latest
            - speakeasy-sdk-regen-1728401660
            - 0.4.0
targets:
    first-target:
        source: openapi
        sourceNamespace: openapi
        sourceRevisionDigest: sha256:0e43d57581ee457d290fb6cef6ff761fd600e9282a2c98af70a6884accf43e6f
        sourceBlobDigest: sha256:a843248c29fd8193a37b05d1c2fb481233b8537cd753f8247edb55ed42c0c2f2
        codeSamplesNamespace: code-samples-typescript-first-target
        codeSamplesRevisionDigest: sha256:b6f920e4a1cc5f884154a5ec06bcf523e51b58125164dfcfee49d8ced9dc0a8d
workflow:
    workflowVersion: 1.0.0
    speakeasyVersion: latest
    sources:
        openapi:
            inputs:
                - location: https://www.speakeasy.com/openapi.yaml
            registry:
                location: registry.speakeasyapi.dev/speakeasy-self/speakeasy-self/openapi
    targets:
        first-target:
            target: typescript
            source: openapi
            publish:
                npm:
                    token: $npm_token
            codeSamples:
                output: code-samples.yaml
                registry:
                    location: registry.speakeasyapi.dev/speakeasy-self/speakeasy-self/code-samples-typescript-first-target
